
Microsoft Visual Studio Solution File, Format Version 12.00
# Visual Studio Version 17
VisualStudioVersion = 17.4.33205.214
MinimumVisualStudioVersion = 10.0.40219.1
Project("{FAE04EC0-301F-11D3-BF4B-00C04F79EFBC}") = "Tasks", "Tasks\Tasks.csproj", "{033458B6-F2C9-437F-B358-18F1E79D2080}"
EndProject
Project("{FAE04EC0-301F-11D3-BF4B-00C04F79EFBC}") = "Lesson", "Lesson\Lesson.csproj", "{63E3C338-DDBA-4261-833A-55B234A5FEB7}"
EndProject
Global
	GlobalSection(SolutionConfigurationPlatforms) = preSolution
		Debug|Any CPU = Debug|Any CPU
		Release|Any CPU = Release|Any CPU
	EndGlobalSection
	GlobalSection(ProjectConfigurationPlatforms) = postSolution
		{033458B6-F2C9-437F-B358-18F1E79D2080}.Debug|Any CPU.ActiveCfg = Debug|Any CPU
		{033458B6-F2C9-437F-B358-18F1E79D2080}.Debug|Any CPU.Build.0 = Debug|Any CPU
		{033458B6-F2C9-437F-B358-18F1E79D2080}.Release|Any CPU.ActiveCfg = Release|Any CPU
		{033458B6-F2C9-437F-B358-18F1E79D2080}.Release|Any CPU.Build.0 = Release|Any CPU
		{63E3C338-DDBA-4261-833A-55B234A5FEB7}.Debug|Any CPU.ActiveCfg = Debug|Any CPU
		{63E3C338-DDBA-4261-833A-55B234A5FEB7}.Debug|Any CPU.Build.0 = Debug|Any CPU
		{63E3C338-DDBA-4261-833A-55B234A5FEB7}.Release|Any CPU.ActiveCfg = Release|Any CPU
		{63E3C338-DDBA-4261-833A-55B234A5FEB7}.Release|Any CPU.Build.0 = Release|Any CPU
	EndGlobalSection
	GlobalSection(SolutionProperties) = preSolution
		HideSolutionNode = FALSE
	EndGlobalSection
	GlobalSection(ExtensibilityGlobals) = postSolution
		SolutionGuid = {F0D4AC0C-28D9-4984-9028-A643728ADF78}
	EndGlobalSection
EndGlobal
